
Microsoft Visual Studio Solution File, Format Version 12.00
# Visual Studio Version 17
VisualStudioVersion = 17.9.34723.18
MinimumVisualStudioVersion = 10.0.40219.1
Project("{2150E333-8FDC-42A3-9474-1A3956D46DE8}") = "src", "src", "{4A3CE5A2-EBD4-45FB-B7F7-63073E44E876}"
EndProject
Project("{FAE04EC0-301F-11D3-BF4B-00C04F79EFBC}") = "Rumassa.Api", "Rumassa.Api\Rumassa.Api.csproj", "{E582982C-149D-420C-A7B8-E8A2E21A89ED}"
EndProject
Project("{FAE04EC0-301F-11D3-BF4B-00C04F79EFBC}") = "Rumassa.Domain", "Rumassa.Domain\Rumassa.Domain.csproj", "{A92AFE5A-53F6-447B-A874-1F5C0FFFFBA3}"
EndProject
Project("{FAE04EC0-301F-11D3-BF4B-00C04F79EFBC}") = "Rumassa.Aplication", "Rumassa.Aplication\Rumassa.Aplication.csproj", "{B94DA8A3-D0CA-4972-A15F-BF53E2652853}"
EndProject
Project("{FAE04EC0-301F-11D3-BF4B-00C04F79EFBC}") = "Rumassa.Infrustructor", "Rumassa.Infrustructor\Rumassa.Infrustructor.csproj", "{585ED44C-4969-49E5-B1A3-8755650F0C4A}"
EndProject
Global
	GlobalSection(SolutionConfigurationPlatforms) = preSolution
		Debug|Any CPU = Debug|Any CPU
		Release|Any CPU = Release|Any CPU
	EndGlobalSection
	GlobalSection(ProjectConfigurationPlatforms) = postSolution
		{E582982C-149D-420C-A7B8-E8A2E21A89ED}.Debug|Any CPU.ActiveCfg = Debug|Any CPU
		{E582982C-149D-420C-A7B8-E8A2E21A89ED}.Debug|Any CPU.Build.0 = Debug|Any CPU
		{E582982C-149D-420C-A7B8-E8A2E21A89ED}.Release|Any CPU.ActiveCfg = Release|Any CPU
		{E582982C-149D-420C-A7B8-E8A2E21A89ED}.Release|Any CPU.Build.0 = Release|Any CPU
		{A92AFE5A-53F6-447B-A874-1F5C0FFFFBA3}.Debug|Any CPU.ActiveCfg = Debug|Any CPU
		{A92AFE5A-53F6-447B-A874-1F5C0FFFFBA3}.Debug|Any CPU.Build.0 = Debug|Any CPU
		{A92AFE5A-53F6-447B-A874-1F5C0FFFFBA3}.Release|Any CPU.ActiveCfg = Release|Any CPU
		{A92AFE5A-53F6-447B-A874-1F5C0FFFFBA3}.Release|Any CPU.Build.0 = Release|Any CPU
		{B94DA8A3-D0CA-4972-A15F-BF53E2652853}.Debug|Any CPU.ActiveCfg = Debug|Any CPU
		{B94DA8A3-D0CA-4972-A15F-BF53E2652853}.Debug|Any CPU.Build.0 = Debug|Any CPU
		{B94DA8A3-D0CA-4972-A15F-BF53E2652853}.Release|Any CPU.ActiveCfg = Release|Any CPU
		{B94DA8A3-D0CA-4972-A15F-BF53E2652853}.Release|Any CPU.Build.0 = Release|Any CPU
		{585ED44C-4969-49E5-B1A3-8755650F0C4A}.Debug|Any CPU.ActiveCfg = Debug|Any CPU
		{585ED44C-4969-49E5-B1A3-8755650F0C4A}.Debug|Any CPU.Build.0 = Debug|Any CPU
		{585ED44C-4969-49E5-B1A3-8755650F0C4A}.Release|Any CPU.ActiveCfg = Release|Any CPU
		{585ED44C-4969-49E5-B1A3-8755650F0C4A}.Release|Any CPU.Build.0 = Release|Any CPU
	EndGlobalSection
	GlobalSection(SolutionProperties) = preSolution
		HideSolutionNode = FALSE
	EndGlobalSection
	GlobalSection(NestedProjects) = preSolution
		{E582982C-149D-420C-A7B8-E8A2E21A89ED} = {4A3CE5A2-EBD4-45FB-B7F7-63073E44E876}
		{A92AFE5A-53F6-447B-A874-1F5C0FFFFBA3} = {4A3CE5A2-EBD4-45FB-B7F7-63073E44E876}
		{B94DA8A3-D0CA-4972-A15F-BF53E2652853} = {4A3CE5A2-EBD4-45FB-B7F7-63073E44E876}
		{585ED44C-4969-49E5-B1A3-8755650F0C4A} = {4A3CE5A2-EBD4-45FB-B7F7-63073E44E876}
	EndGlobalSection
	GlobalSection(ExtensibilityGlobals) = postSolution
		SolutionGuid = {2EFAF683-7B54-40B0-B61D-9F0B57F607A9}
	EndGlobalSection
EndGlobal
